// !$*UTF8*$!
{
	archiveVersion = 1;
	classes = {
	};
	objectVersion = 48;
	objects = {

/* Begin PBXBuildFile section */
		9DE5EA06212954AA0027AF08 /* AppDelegate.m in Sources */ = {isa = PBXBuildFile; fileRef = 9DE5EA05212954AA0027AF08 /* AppDelegate.m */; };
		9DE5EA09212954AA0027AF08 /* ViewController.m in Sources */ = {isa = PBXBuildFile; fileRef = 9DE5EA08212954AA0027AF08 /* ViewController.m */; };
		9DE5EA0C212954AA0027AF08 /* Main.storyboard in Resources */ = {isa = PBXBuildFile; fileRef = 9DE5EA0A212954AA0027AF08 /* Main.storyboard */; };
		9DE5EA0E212954AB0027AF08 /* Assets.xcassets in Resources */ = {isa = PBXBuildFile; fileRef = 9DE5EA0D212954AB0027AF08 /* Assets.xcassets */; };
		9DE5EA11212954AB0027AF08 /* LaunchScreen.storyboard in Resources */ = {isa = PBXBuildFile; fileRef = 9DE5EA0F212954AB0027AF08 /* LaunchScreen.storyboard */; };
		9DE5EA14212954AB0027AF08 /* main.m in Sources */ = {isa = PBXBuildFile; fileRef = 9DE5EA13212954AB0027AF08 /* main.m */; };
		9DE5EA21212977950027AF08 /* TYScrollHorizoneLayout.m in Sources */ = {isa = PBXBuildFile; fileRef = 9DE5EA20212977950027AF08 /* TYScrollHorizoneLayout.m */; };
		9DE5EA2D212E5DDF0027AF08 /* TYWaterFlowCollectionLayout.m in Sources */ = {isa = PBXBuildFile; fileRef = 9DE5EA2C212E5DDF0027AF08 /* TYWaterFlowCollectionLayout.m */; };
		9DE5EA302130160B0027AF08 /* TYCircleCollectionLayout.m in Sources */ = {isa = PBXBuildFile; fileRef = 9DE5EA2F2130160B0027AF08 /* TYCircleCollectionLayout.m */; };
		9DE5EA332131723F0027AF08 /* TYTagCollectionLayout.m in Sources */ = {isa = PBXBuildFile; fileRef = 9DE5EA322131723F0027AF08 /* TYTagCollectionLayout.m */; };
/* End PBXBuildFile section */

/* Begin PBXFileReference section */
		9DE5EA01212954AA0027AF08 /* TYCollectionViewDemo.app */ = {isa = PBXFileReference; explicitFileType = wrapper.application; includeInIndex = 0; path = TYCollectionViewDemo.app; sourceTree = BUILT_PRODUCTS_DIR; };
		9DE5EA04212954AA0027AF08 /* AppDelegate.h */ = {isa = PBXFileReference; lastKnownFileType = sourcecode.c.h; path = AppDelegate.h; sourceTree = "<group>"; };
		9DE5EA05212954AA0027AF08 /* AppDelegate.m */ = {isa = PBXFileReference; lastKnownFileType = sourcecode.c.objc; path = AppDelegate.m; sourceTree = "<group>"; };
		9DE5EA07212954AA0027AF08 /* ViewController.h */ = {isa = PBXFileReference; lastKnownFileType = sourcecode.c.h; path = ViewController.h; sourceTree = "<group>"; };
		9DE5EA08212954AA0027AF08 /* ViewController.m */ = {isa = PBXFileReference; lastKnownFileType = sourcecode.c.objc; path = ViewController.m; sourceTree = "<group>"; };
		9DE5EA0B212954AA0027AF08 /* Base */ = {isa = PBXFileReference; lastKnownFileType = file.storyboard; name = Base; path = Base.lproj/Main.storyboard; sourceTree = "<group>"; };
		9DE5EA0D212954AB0027AF08 /* Assets.xcassets */ = {isa = PBXFileReference; lastKnownFileType = folder.assetcatalog; path = Assets.xcassets; sourceTree = "<group>"; };
		9DE5EA10212954AB0027AF08 /* Base */ = {isa = PBXFileReference; lastKnownFileType = file.storyboard; name = Base; path = Base.lproj/LaunchScreen.storyboard; sourceTree = "<group>"; };
		9DE5EA12212954AB0027AF08 /* Info.plist */ = {isa = PBXFileReference; lastKnownFileType = text.plist.xml; path = Info.plist; sourceTree = "<group>"; };
		9DE5EA13212954AB0027AF08 /* main.m */ = {isa = PBXFileReference; lastKnownFileType = sourcecode.c.objc; path = main.m; sourceTree = "<group>"; };
		9DE5EA1F212977950027AF08 /* TYScrollHorizoneLayout.h */ = {isa = PBXFileReference; lastKnownFileType = sourcecode.c.h; path = TYScrollHorizoneLayout.h; sourceTree = "<group>"; };
		9DE5EA20212977950027AF08 /* TYScrollHorizoneLayout.m */ = {isa = PBXFileReference; lastKnownFileType = sourcecode.c.objc; path = TYScrollHorizoneLayout.m; sourceTree = "<group>"; };
		9DE5EA2B212E5DDF0027AF08 /* TYWaterFlowCollectionLayout.h */ = {isa = PBXFileReference; lastKnownFileType = sourcecode.c.h; path = TYWaterFlowCollectionLayout.h; sourceTree = "<group>"; };
		9DE5EA2C212E5DDF0027AF08 /* TYWaterFlowCollectionLayout.m */ = {isa = PBXFileReference; lastKnownFileType = sourcecode.c.objc; path = TYWaterFlowCollectionLayout.m; sourceTree = "<group>"; };
		9DE5EA2E2130160B0027AF08 /* TYCircleCollectionLayout.h */ = {isa = PBXFileReference; lastKnownFileType = sourcecode.c.h; path = TYCircleCollectionLayout.h; sourceTree = "<group>"; };
		9DE5EA2F2130160B0027AF08 /* TYCircleCollectionLayout.m */ = {isa = PBXFileReference; lastKnownFileType = sourcecode.c.objc; path = TYCircleCollectionLayout.m; sourceTree = "<group>"; };
		9DE5EA312131723F0027AF08 /* TYTagCollectionLayout.h */ = {isa = PBXFileReference; lastKnownFileType = sourcecode.c.h; path = TYTagCollectionLayout.h; sourceTree = "<group>"; };
		9DE5EA322131723F0027AF08 /* TYTagCollectionLayout.m */ = {isa = PBXFileReference; lastKnownFileType = sourcecode.c.objc; path = TYTagCollectionLayout.m; sourceTree = "<group>"; };
/* End PBXFileReference section */

/* Begin PBXFrameworksBuildPhase section */
		9DE5E9FE212954AA0027AF08 /* Frameworks */ = {
			isa = PBXFrameworksBuildPhase;
			buildActionMask = 2147483647;
			files = (
			);
			runOnlyForDeploymentPostprocessing = 0;
		};
/* End PBXFrameworksBuildPhase section */

/* Begin PBXGroup section */
		9DE5E9F8212954AA0027AF08 = {
			isa = PBXGroup;
			children = (
				9DE5EA03212954AA0027AF08 /* TYCollectionViewDemo */,
				9DE5EA02212954AA0027AF08 /* Products */,
			);
			sourceTree = "<group>";
		};
		9DE5EA02212954AA0027AF08 /* Products */ = {
			isa = PBXGroup;
			children = (
				9DE5EA01212954AA0027AF08 /* TYCollectionViewDemo.app */,
			);
			name = Products;
			sourceTree = "<group>";
		};
		9DE5EA03212954AA0027AF08 /* TYCollectionViewDemo */ = {
			isa = PBXGroup;
			children = (
				9DE5EA27212E5CC70027AF08 /* WaterFlowCollectionLayout */,
				9DE5EA26212E5CA00027AF08 /* CircleCollectionLayout */,
				9DE5EA25212E5C940027AF08 /* TagCollectionLayout */,
				9DE5EA1B212958100027AF08 /* ScrollHorizoneLayout */,
				9DE5EA04212954AA0027AF08 /* AppDelegate.h */,
				9DE5EA05212954AA0027AF08 /* AppDelegate.m */,
				9DE5EA07212954AA0027AF08 /* ViewController.h */,
				9DE5EA08212954AA0027AF08 /* ViewController.m */,
				9DE5EA0A212954AA0027AF08 /* Main.storyboard */,
				9DE5EA0D212954AB0027AF08 /* Assets.xcassets */,
				9DE5EA0F212954AB0027AF08 /* LaunchScreen.storyboard */,
				9DE5EA12212954AB0027AF08 /* Info.plist */,
				9DE5EA13212954AB0027AF08 /* main.m */,
			);
			path = TYCollectionViewDemo;
			sourceTree = "<group>";
		};
		9DE5EA1B212958100027AF08 /* ScrollHorizoneLayout */ = {
			isa = PBXGroup;
			children = (
				9DE5EA1F212977950027AF08 /* TYScrollHorizoneLayout.h */,
				9DE5EA20212977950027AF08 /* TYScrollHorizoneLayout.m */,
			);
			path = ScrollHorizoneLayout;
			sourceTree = "<group>";
		};
		9DE5EA25212E5C940027AF08 /* TagCollectionLayout */ = {
			isa = PBXGroup;
			children = (
				9DE5EA312131723F0027AF08 /* TYTagCollectionLayout.h */,
				9DE5EA322131723F0027AF08 /* TYTagCollectionLayout.m */,
			);
			path = TagCollectionLayout;
			sourceTree = "<group>";
		};
		9DE5EA26212E5CA00027AF08 /* CircleCollectionLayout */ = {
			isa = PBXGroup;
			children = (
				9DE5EA2E2130160B0027AF08 /* TYCircleCollectionLayout.h */,
				9DE5EA2F2130160B0027AF08 /* TYCircleCollectionLayout.m */,
			);
			path = CircleCollectionLayout;
			sourceTree = "<group>";
		};
		9DE5EA27212E5CC70027AF08 /* WaterFlowCollectionLayout */ = {
			isa = PBXGroup;
			children = (
				9DE5EA2B212E5DDF0027AF08 /* TYWaterFlowCollectionLayout.h */,
				9DE5EA2C212E5DDF0027AF08 /* TYWaterFlowCollectionLayout.m */,
			);
			path = WaterFlowCollectionLayout;
			sourceTree = "<group>";
		};
/* End PBXGroup section */

/* Begin PBXNativeTarget section */
		9DE5EA00212954AA0027AF08 /* TYCollectionViewDemo */ = {
			isa = PBXNativeTarget;
			buildConfigurationList = 9DE5EA17212954AB0027AF08 /* Build configuration list for PBXNativeTarget "TYCollectionViewDemo" */;
			buildPhases = (
				9DE5E9FD212954AA0027AF08 /* Sources */,
				9DE5E9FE212954AA0027AF08 /* Frameworks */,
				9DE5E9FF212954AA0027AF08 /* Resources */,
			);
			buildRules = (
			);
			dependencies = (
			);
			name = TYCollectionViewDemo;
			productName = TYCollectionViewDemo;
			productReference = 9DE5EA01212954AA0027AF08 /* TYCollectionViewDemo.app */;
			productType = "com.apple.product-type.application";
		};
/* End PBXNativeTarget section */

/* Begin PBXProject section */
		9DE5E9F9212954AA0027AF08 /* Project object */ = {
			isa = PBXProject;
			attributes = {
				LastUpgradeCheck = 0920;
				ORGANIZATIONNAME = tybbt;
				TargetAttributes = {
					9DE5EA00212954AA0027AF08 = {
						CreatedOnToolsVersion = 9.2;
						ProvisioningStyle = Automatic;
					};
				};
			};
			buildConfigurationList = 9DE5E9FC212954AA0027AF08 /* Build configuration list for PBXProject "TYCollectionViewDemo" */;
			compatibilityVersion = "Xcode 8.0";
			developmentRegion = en;
			hasScannedForEncodings = 0;
			knownRegions = (
				en,
				Base,
			);
			mainGroup = 9DE5E9F8212954AA0027AF08;
			productRefGroup = 9DE5EA02212954AA0027AF08 /* Products */;
			projectDirPath = "";
			projectRoot = "";
			targets = (
				9DE5EA00212954AA0027AF08 /* TYCollectionViewDemo */,
			);
		};
/* End PBXProject section */

/* Begin PBXResourcesBuildPhase section */
		9DE5E9FF212954AA0027AF08 /* Resources */ = {
			isa = PBXResourcesBuildPhase;
			buildActionMask = 2147483647;
			files = (
				9DE5EA11212954AB0027AF08 /* LaunchScreen.storyboard in Resources */,
				9DE5EA0E212954AB0027AF08 /* Assets.xcassets in Resources */,
				9DE5EA0C212954AA0027AF08 /* Main.storyboard in Resources */,
			);
			runOnlyForDeploymentPostprocessing = 0;
		};
/* End PBXResourcesBuildPhase section */

/* Begin PBXSourcesBuildPhase section */
		9DE5E9FD212954AA0027AF08 /* Sources */ = {
			isa = PBXSourcesBuildPhase;
			buildActionMask = 2147483647;
			files = (
				9DE5EA09212954AA0027AF08 /* ViewController.m in Sources */,
				9DE5EA14212954AB0027AF08 /* main.m in Sources */,
				9DE5EA302130160B0027AF08 /* TYCircleCollectionLayout.m in Sources */,
				9DE5EA2D212E5DDF0027AF08 /* TYWaterFlowCollectionLayout.m in Sources */,
				9DE5EA06212954AA0027AF08 /* AppDelegate.m in Sources */,
				9DE5EA21212977950027AF08 /* TYScrollHorizoneLayout.m in Sources */,
				9DE5EA332131723F0027AF08 /* TYTagCollectionLayout.m in Sources */,
			);
			runOnlyForDeploymentPostprocessing = 0;
		};
/* End PBXSourcesBuildPhase section */

/* Begin PBXVariantGroup section */
		9DE5EA0A212954AA0027AF08 /* Main.storyboard */ = {
			isa = PBXVariantGroup;
			children = (
				9DE5EA0B212954AA0027AF08 /* Base */,
			);
			name = Main.storyboard;
			sourceTree = "<group>";
		};
		9DE5EA0F212954AB0027AF08 /* LaunchScreen.storyboard */ = {
			isa = PBXVariantGroup;
			children = (
				9DE5EA10212954AB0027AF08 /* Base */,
			);
			name = LaunchScreen.storyboard;
			sourceTree = "<group>";
		};
/* End PBXVariantGroup section */

/* Begin XCBuildConfiguration section */
		9DE5EA15212954AB0027AF08 /* Debug */ = {
			isa = XCBuildConfiguration;
			buildSettings = {
				ALWAYS_SEARCH_USER_PATHS = NO;
				CLANG_ANALYZER_NONNULL = YES;
				CLANG_ANALYZER_NUMBER_OBJECT_CONVERSION = YES_AGGRESSIVE;
				CLANG_CXX_LANGUAGE_STANDARD = "gnu++14";
				CLANG_CXX_LIBRARY = "libc++";
				CLANG_ENABLE_MODULES = YES;
				CLANG_ENABLE_OBJC_ARC = YES;
				CLANG_WARN_BLOCK_CAPTURE_AUTORELEASING = YES;
				CLANG_WARN_BOOL_CONVERSION = YES;
				CLANG_WARN_COMMA = YES;
				CLANG_WARN_CONSTANT_CONVERSION = YES;
				CLANG_WARN_DIRECT_OBJC_ISA_USAGE = YES_ERROR;
				CLANG_WARN_DOCUMENTATION_COMMENTS = YES;
				CLANG_WARN_EMPTY_BODY = YES;
				CLANG_WARN_ENUM_CONVERSION = YES;
				CLANG_WARN_INFINITE_RECURSION = YES;
				CLANG_WARN_INT_CONVERSION = YES;
				CLANG_WARN_NON_LITERAL_NULL_CONVERSION = YES;
				CLANG_WARN_OBJC_LITERAL_CONVERSION = YES;
				CLANG_WARN_OBJC_ROOT_CLASS = YES_ERROR;
				CLANG_WARN_RANGE_LOOP_ANALYSIS = YES;
				CLANG_WARN_STRICT_PROTOTYPES = YES;
				CLANG_WARN_SUSPICIOUS_MOVE = YES;
				CLANG_WARN_UNGUARDED_AVAILABILITY = YES_AGGRESSIVE;
				CLANG_WARN_UNREACHABLE_CODE = YES;
				CLANG_WARN__DUPLICATE_METHOD_MATCH = YES;
				CODE_SIGN_IDENTITY = "iPhone Developer";
				COPY_PHASE_STRIP = NO;
				DEBUG_INFORMATION_FORMAT = dwarf;
				ENABLE_STRICT_OBJC_MSGSEND = YES;
				ENABLE_TESTABILITY = YES;
				GCC_C_LANGUAGE_STANDARD = gnu11;
				GCC_DYNAMIC_NO_PIC = NO;
				GCC_NO_COMMON_BLOCKS = YES;
				GCC_OPTIMIZATION_LEVEL = 0;
				GCC_PREPROCESSOR_DEFINITIONS = (
					"DEBUG=1",
					"$(inherited)",
				);
				GCC_WARN_64_TO_32_BIT_CONVERSION = YES;
				GCC_WARN_ABOUT_RETURN_TYPE = YES_ERROR;
				GCC_WARN_UNDECLARED_SELECTOR = YES;
				GCC_WARN_UNINITIALIZED_AUTOS = YES_AGGRESSIVE;
				GCC_WARN_UNUSED_FUNCTION = YES;
				GCC_WARN_UNUSED_VARIABLE = YES;
				IPHONEOS_DEPLOYMENT_TARGET = 11.2;
				MTL_ENABLE_DEBUG_INFO = YES;
				ONLY_ACTIVE_ARCH = YES;
				SDKROOT = iphoneos;
			};
			name = Debug;
		};
		9DE5EA16212954AB0027AF08 /* Release */ = {
			isa = XCBuildConfiguration;
			buildSettings = {
				ALWAYS_SEARCH_USER_PATHS = NO;
				CLANG_ANALYZER_NONNULL = YES;
				CLANG_ANALYZER_NUMBER_OBJECT_CONVERSION = YES_AGGRESSIVE;
				CLANG_CXX_LANGUAGE_STANDARD = "gnu++14";
				CLANG_CXX_LIBRARY = "libc++";
				CLANG_ENABLE_MODULES = YES;
				CLANG_ENABLE_OBJC_ARC = YES;
				CLANG_WARN_BLOCK_CAPTURE_AUTORELEASING = YES;
				CLANG_WARN_BOOL_CONVERSION = YES;
				CLANG_WARN_COMMA = YES;
				CLANG_WARN_CONSTANT_CONVERSION = YES;
				CLANG_WARN_DIRECT_OBJC_ISA_USAGE = YES_ERROR;
				CLANG_WARN_DOCUMENTATION_COMMENTS = YES;
				CLANG_WARN_EMPTY_BODY = YES;
				CLANG_WARN_ENUM_CONVERSION = YES;
				CLANG_WARN_INFINITE_RECURSION = YES;
				CLANG_WARN_INT_CONVERSION = YES;
				CLANG_WARN_NON_LITERAL_NULL_CONVERSION = YES;
				CLANG_WARN_OBJC_LITERAL_CONVERSION = YES;
				CLANG_WARN_OBJC_ROOT_CLASS = YES_ERROR;
				CLANG_WARN_RANGE_LOOP_ANALYSIS = YES;
				CLANG_WARN_STRICT_PROTOTYPES = YES;
				CLANG_WARN_SUSPICIOUS_MOVE = YES;
				CLANG_WARN_UNGUARDED_AVAILABILITY = YES_AGGRESSIVE;
				CLANG_WARN_UNREACHABLE_CODE = YES;
				CLANG_WARN__DUPLICATE_METHOD_MATCH = YES;
				CODE_SIGN_IDENTITY = "iPhone Developer";
				COPY_PHASE_STRIP = NO;
				DEBUG_INFORMATION_FORMAT = "dwarf-with-dsym";
				ENABLE_NS_ASSERTIONS = NO;
				ENABLE_STRICT_OBJC_MSGSEND = YES;
				GCC_C_LANGUAGE_STANDARD = gnu11;
				GCC_NO_COMMON_BLOCKS = YES;
				GCC_WARN_64_TO_32_BIT_CONVERSION = YES;
				GCC_WARN_ABOUT_RETURN_TYPE = YES_ERROR;
				GCC_WARN_UNDECLARED_SELECTOR = YES;
				GCC_WARN_UNINITIALIZED_AUTOS = YES_AGGRESSIVE;
				GCC_WARN_UNUSED_FUNCTION = YES;
				GCC_WARN_UNUSED_VARIABLE = YES;
				IPHONEOS_DEPLOYMENT_TARGET = 11.2;
				MTL_ENABLE_DEBUG_INFO = NO;
				SDKROOT = iphoneos;
				VALIDATE_PRODUCT = YES;
			};
			name = Release;
		};
		9DE5EA18212954AB0027AF08 /* Debug */ = {
			isa = XCBuildConfiguration;
			buildSettings = {
				ASSETCATALOG_COMPILER_APPICON_NAME = AppIcon;
				CODE_SIGN_STYLE = Automatic;
				INFOPLIST_FILE = TYCollectionViewDemo/Info.plist;
				LD_RUNPATH_SEARCH_PATHS = "$(inherited) @executable_path/Frameworks";
				PRODUCT_BUNDLE_IDENTIFIER = com.tybbt.TYCollectionViewDemo;
				PRODUCT_NAME = "$(TARGET_NAME)";
				TARGETED_DEVICE_FAMILY = "1,2";
			};
			name = Debug;
		};
		9DE5EA19212954AB0027AF08 /* Release */ = {
			isa = XCBuildConfiguration;
			buildSettings = {
				ASSETCATALOG_COMPILER_APPICON_NAME = AppIcon;
				CODE_SIGN_STYLE = Automatic;
				INFOPLIST_FILE = TYCollectionViewDemo/Info.plist;
				LD_RUNPATH_SEARCH_PATHS = "$(inherited) @executable_path/Frameworks";
				PRODUCT_BUNDLE_IDENTIFIER = com.tybbt.TYCollectionViewDemo;
				PRODUCT_NAME = "$(TARGET_NAME)";
				TARGETED_DEVICE_FAMILY = "1,2";
			};
			name = Release;
		};
/* End XCBuildConfiguration section */

/* Begin XCConfigurationList section */
		9DE5E9FC212954AA0027AF08 /* Build configuration list for PBXProject "TYCollectionViewDemo" */ = {
			isa = XCConfigurationList;
			buildConfigurations = (
				9DE5EA15212954AB0027AF08 /* Debug */,
				9DE5EA16212954AB0027AF08 /* Release */,
			);
			defaultConfigurationIsVisible = 0;
			defaultConfigurationName = Release;
		};
		9DE5EA17212954AB0027AF08 /* Build configuration list for PBXNativeTarget "TYCollectionViewDemo" */ = {
			isa = XCConfigurationList;
			buildConfigurations = (
				9DE5EA18212954AB0027AF08 /* Debug */,
				9DE5EA19212954AB0027AF08 /* Release */,
			);
			defaultConfigurationIsVisible = 0;
			defaultConfigurationName = Release;
		};
/* End XCConfigurationList section */
	};
	rootObject = 9DE5E9F9212954AA0027AF08 /* Project object */;
}
